
Microsoft Visual Studio Solution File, Format Version 12.00
# Visual Studio 15
VisualStudioVersion = 15.0.28010.2041
MinimumVisualStudioVersion = 10.0.40219.1
Project("{A07B5EB6-E848-4116-A8D0-A826331D98C6}") = "ESFA.DC.NCS", "ESFA.DC.NCS\ESFA.DC.NCS.sfproj", "{60E72392-F0E1-429E-B751-C961DC723FA2}"
EndProject
Project("{FAE04EC0-301F-11D3-BF4B-00C04F79EFBC}") = "ESFA.DC.NCS.Stateless", "ESFA.DC.NCS.Stateless\ESFA.DC.NCS.Stateless.csproj", "{BEF2756B-D7DF-488C-B5C6-46DAF3BEAAED}"
EndProject
Global
	GlobalSection(SolutionConfigurationPlatforms) = preSolution
		Debug|x64 = Debug|x64
		Release|x64 = Release|x64
	EndGlobalSection
	GlobalSection(ProjectConfigurationPlatforms) = postSolution
		{60E72392-F0E1-429E-B751-C961DC723FA2}.Debug|x64.ActiveCfg = Debug|x64
		{60E72392-F0E1-429E-B751-C961DC723FA2}.Debug|x64.Build.0 = Debug|x64
		{60E72392-F0E1-429E-B751-C961DC723FA2}.Debug|x64.Deploy.0 = Debug|x64
		{60E72392-F0E1-429E-B751-C961DC723FA2}.Release|x64.ActiveCfg = Release|x64
		{60E72392-F0E1-429E-B751-C961DC723FA2}.Release|x64.Build.0 = Release|x64
		{60E72392-F0E1-429E-B751-C961DC723FA2}.Release|x64.Deploy.0 = Release|x64
		{BEF2756B-D7DF-488C-B5C6-46DAF3BEAAED}.Debug|x64.ActiveCfg = Debug|x64
		{BEF2756B-D7DF-488C-B5C6-46DAF3BEAAED}.Debug|x64.Build.0 = Debug|x64
		{BEF2756B-D7DF-488C-B5C6-46DAF3BEAAED}.Release|x64.ActiveCfg = Release|x64
		{BEF2756B-D7DF-488C-B5C6-46DAF3BEAAED}.Release|x64.Build.0 = Release|x64
	EndGlobalSection
	GlobalSection(SolutionProperties) = preSolution
		HideSolutionNode = FALSE
	EndGlobalSection
	GlobalSection(ExtensibilityGlobals) = postSolution
		SolutionGuid = {F7A7A034-F20C-4A5A-B9AC-CF1A7692BF8C}
	EndGlobalSection
EndGlobal
