
Microsoft Visual Studio Solution File, Format Version 12.00
# Visual Studio Version 16
VisualStudioVersion = 16.0.29613.14
MinimumVisualStudioVersion = 10.0.40219.1
Project("{A07B5EB6-E848-4116-A8D0-A826331D98C6}") = "ESFA.DC.NCS", "ESFA.DC.NCS\ESFA.DC.NCS.sfproj", "{60E72392-F0E1-429E-B751-C961DC723FA2}"
EndProject
Project("{FAE04EC0-301F-11D3-BF4B-00C04F79EFBC}") = "ESFA.DC.NCS.Stateless", "ESFA.DC.NCS.Stateless\ESFA.DC.NCS.Stateless.csproj", "{BEF2756B-D7DF-488C-B5C6-46DAF3BEAAED}"
EndProject
Project("{9A19103F-16F7-4668-BE54-9A1E7A4F7556}") = "ESFA.DC.NCS.Interfaces", "ESFA.DC.NCS.Interfaces\ESFA.DC.NCS.Interfaces.csproj", "{A057EAA2-4CC2-4C5F-A3B1-F56C1EC93430}"
EndProject
Project("{9A19103F-16F7-4668-BE54-9A1E7A4F7556}") = "ESFA.DC.NCS.Models", "ESFA.DC.NCS.Models\ESFA.DC.NCS.Models.csproj", "{FC76116E-539F-4BA3-9C68-F17087BB5B6E}"
EndProject
Project("{9A19103F-16F7-4668-BE54-9A1E7A4F7556}") = "ESFA.DC.NCS.Service", "ESFA.DC.NCS.Service\ESFA.DC.NCS.Service.csproj", "{CC5CAC8A-B862-48E0-B6A0-910E90140848}"
EndProject
Project("{9A19103F-16F7-4668-BE54-9A1E7A4F7556}") = "ESFA.DC.NCS.DataService", "ESFA.DC.NCS.DataService\ESFA.DC.NCS.DataService.csproj", "{8A9ABBEB-B1CD-415C-B09B-7659A91CB5DA}"
EndProject
Project("{2150E333-8FDC-42A3-9474-1A3956D46DE8}") = "Tests", "Tests", "{F27BE142-B687-45B8-8C0C-2FA5E3DF6C63}"
EndProject
Project("{FAE04EC0-301F-11D3-BF4B-00C04F79EFBC}") = "ESFA.DC.NCS.Service.Tests", "ESFA.DC.NCS.Service.Tests\ESFA.DC.NCS.Service.Tests.csproj", "{551AB678-3BA2-465F-A562-4C297C9C2255}"
EndProject
Project("{00D1A9C2-B5F0-4AF3-8072-F6C62B433612}") = "ESFA.DC.NCS.Database", "ESFA.DC.NCS.Database\ESFA.DC.NCS.Database.sqlproj", "{8758E341-39D4-4EB1-940B-11BF85419736}"
EndProject
Project("{9A19103F-16F7-4668-BE54-9A1E7A4F7556}") = "ESFA.DC.NCS.EF.Console", "ESFA.DC.NCS.EF.Console\ESFA.DC.NCS.EF.Console.csproj", "{D05BB1D7-57E5-4629-9842-5E9579AF51F6}"
EndProject
Project("{9A19103F-16F7-4668-BE54-9A1E7A4F7556}") = "ESFA.DC.NCS.EF", "ESFA.DC.NCS.EF\ESFA.DC.NCS.EF.csproj", "{C6DC21FA-9495-4709-9962-4446DDC1AB42}"
EndProject
Project("{FAE04EC0-301F-11D3-BF4B-00C04F79EFBC}") = "ESFA.DC.NCS.DataService.Tests", "ESFA.DC.NCS.DataService.Tests\ESFA.DC.NCS.DataService.Tests.csproj", "{3921E510-5D8B-4A13-8951-2F55EF6A54DC}"
EndProject
Project("{FAE04EC0-301F-11D3-BF4B-00C04F79EFBC}") = "ESFA.DC.NCS.ReportingService", "ESFA.DC.NCS.ReportingService\ESFA.DC.NCS.ReportingService.csproj", "{3FA8B7B2-EE3F-4BB3-AE34-01315BC4BAA9}"
EndProject
Project("{FAE04EC0-301F-11D3-BF4B-00C04F79EFBC}") = "ESFA.DC.NCS.ReportingService.Tests", "ESFA.DC.NCS.ReportingService.Tests\ESFA.DC.NCS.ReportingService.Tests.csproj", "{C3A649CF-2352-4978-9971-4C7DD7891F4B}"
EndProject
Project("{2150E333-8FDC-42A3-9474-1A3956D46DE8}") = "Solution Items", "Solution Items", "{DD5A0F3C-53CB-4ACA-B105-DC71AC27B095}"
	ProjectSection(SolutionItems) = preProject
		..\..\azure-pipelines.yml = ..\..\azure-pipelines.yml
	EndProjectSection
EndProject
Global
	GlobalSection(SolutionConfigurationPlatforms) = preSolution
		Debug|Any CPU = Debug|Any CPU
		Debug|x64 = Debug|x64
		Release|Any CPU = Release|Any CPU
		Release|x64 = Release|x64
	EndGlobalSection
	GlobalSection(ProjectConfigurationPlatforms) = postSolution
		{60E72392-F0E1-429E-B751-C961DC723FA2}.Debug|Any CPU.ActiveCfg = Debug|x64
		{60E72392-F0E1-429E-B751-C961DC723FA2}.Debug|x64.ActiveCfg = Debug|x64
		{60E72392-F0E1-429E-B751-C961DC723FA2}.Debug|x64.Build.0 = Debug|x64
		{60E72392-F0E1-429E-B751-C961DC723FA2}.Debug|x64.Deploy.0 = Debug|x64
		{60E72392-F0E1-429E-B751-C961DC723FA2}.Release|Any CPU.ActiveCfg = Release|x64
		{60E72392-F0E1-429E-B751-C961DC723FA2}.Release|x64.ActiveCfg = Release|x64
		{60E72392-F0E1-429E-B751-C961DC723FA2}.Release|x64.Build.0 = Release|x64
		{60E72392-F0E1-429E-B751-C961DC723FA2}.Release|x64.Deploy.0 = Release|x64
		{BEF2756B-D7DF-488C-B5C6-46DAF3BEAAED}.Debug|Any CPU.ActiveCfg = Debug|x64
		{BEF2756B-D7DF-488C-B5C6-46DAF3BEAAED}.Debug|x64.ActiveCfg = Debug|x64
		{BEF2756B-D7DF-488C-B5C6-46DAF3BEAAED}.Debug|x64.Build.0 = Debug|x64
		{BEF2756B-D7DF-488C-B5C6-46DAF3BEAAED}.Release|Any CPU.ActiveCfg = Release|x64
		{BEF2756B-D7DF-488C-B5C6-46DAF3BEAAED}.Release|x64.ActiveCfg = Release|x64
		{BEF2756B-D7DF-488C-B5C6-46DAF3BEAAED}.Release|x64.Build.0 = Release|x64
		{A057EAA2-4CC2-4C5F-A3B1-F56C1EC93430}.Debug|Any CPU.ActiveCfg = Debug|Any CPU
		{A057EAA2-4CC2-4C5F-A3B1-F56C1EC93430}.Debug|Any CPU.Build.0 = Debug|Any CPU
		{A057EAA2-4CC2-4C5F-A3B1-F56C1EC93430}.Debug|x64.ActiveCfg = Debug|Any CPU
		{A057EAA2-4CC2-4C5F-A3B1-F56C1EC93430}.Debug|x64.Build.0 = Debug|Any CPU
		{A057EAA2-4CC2-4C5F-A3B1-F56C1EC93430}.Release|Any CPU.ActiveCfg = Release|Any CPU
		{A057EAA2-4CC2-4C5F-A3B1-F56C1EC93430}.Release|Any CPU.Build.0 = Release|Any CPU
		{A057EAA2-4CC2-4C5F-A3B1-F56C1EC93430}.Release|x64.ActiveCfg = Release|Any CPU
		{A057EAA2-4CC2-4C5F-A3B1-F56C1EC93430}.Release|x64.Build.0 = Release|Any CPU
		{FC76116E-539F-4BA3-9C68-F17087BB5B6E}.Debug|Any CPU.ActiveCfg = Debug|Any CPU
		{FC76116E-539F-4BA3-9C68-F17087BB5B6E}.Debug|Any CPU.Build.0 = Debug|Any CPU
		{FC76116E-539F-4BA3-9C68-F17087BB5B6E}.Debug|x64.ActiveCfg = Debug|Any CPU
		{FC76116E-539F-4BA3-9C68-F17087BB5B6E}.Debug|x64.Build.0 = Debug|Any CPU
		{FC76116E-539F-4BA3-9C68-F17087BB5B6E}.Release|Any CPU.ActiveCfg = Release|Any CPU
		{FC76116E-539F-4BA3-9C68-F17087BB5B6E}.Release|Any CPU.Build.0 = Release|Any CPU
		{FC76116E-539F-4BA3-9C68-F17087BB5B6E}.Release|x64.ActiveCfg = Release|Any CPU
		{FC76116E-539F-4BA3-9C68-F17087BB5B6E}.Release|x64.Build.0 = Release|Any CPU
		{CC5CAC8A-B862-48E0-B6A0-910E90140848}.Debug|Any CPU.ActiveCfg = Debug|Any CPU
		{CC5CAC8A-B862-48E0-B6A0-910E90140848}.Debug|Any CPU.Build.0 = Debug|Any CPU
		{CC5CAC8A-B862-48E0-B6A0-910E90140848}.Debug|x64.ActiveCfg = Debug|Any CPU
		{CC5CAC8A-B862-48E0-B6A0-910E90140848}.Debug|x64.Build.0 = Debug|Any CPU
		{CC5CAC8A-B862-48E0-B6A0-910E90140848}.Release|Any CPU.ActiveCfg = Release|Any CPU
		{CC5CAC8A-B862-48E0-B6A0-910E90140848}.Release|Any CPU.Build.0 = Release|Any CPU
		{CC5CAC8A-B862-48E0-B6A0-910E90140848}.Release|x64.ActiveCfg = Release|Any CPU
		{CC5CAC8A-B862-48E0-B6A0-910E90140848}.Release|x64.Build.0 = Release|Any CPU
		{8A9ABBEB-B1CD-415C-B09B-7659A91CB5DA}.Debug|Any CPU.ActiveCfg = Debug|Any CPU
		{8A9ABBEB-B1CD-415C-B09B-7659A91CB5DA}.Debug|Any CPU.Build.0 = Debug|Any CPU
		{8A9ABBEB-B1CD-415C-B09B-7659A91CB5DA}.Debug|x64.ActiveCfg = Debug|Any CPU
		{8A9ABBEB-B1CD-415C-B09B-7659A91CB5DA}.Debug|x64.Build.0 = Debug|Any CPU
		{8A9ABBEB-B1CD-415C-B09B-7659A91CB5DA}.Release|Any CPU.ActiveCfg = Release|Any CPU
		{8A9ABBEB-B1CD-415C-B09B-7659A91CB5DA}.Release|Any CPU.Build.0 = Release|Any CPU
		{8A9ABBEB-B1CD-415C-B09B-7659A91CB5DA}.Release|x64.ActiveCfg = Release|Any CPU
		{8A9ABBEB-B1CD-415C-B09B-7659A91CB5DA}.Release|x64.Build.0 = Release|Any CPU
		{551AB678-3BA2-465F-A562-4C297C9C2255}.Debug|Any CPU.ActiveCfg = Debug|Any CPU
		{551AB678-3BA2-465F-A562-4C297C9C2255}.Debug|Any CPU.Build.0 = Debug|Any CPU
		{551AB678-3BA2-465F-A562-4C297C9C2255}.Debug|x64.ActiveCfg = Debug|Any CPU
		{551AB678-3BA2-465F-A562-4C297C9C2255}.Debug|x64.Build.0 = Debug|Any CPU
		{551AB678-3BA2-465F-A562-4C297C9C2255}.Release|Any CPU.ActiveCfg = Release|Any CPU
		{551AB678-3BA2-465F-A562-4C297C9C2255}.Release|Any CPU.Build.0 = Release|Any CPU
		{551AB678-3BA2-465F-A562-4C297C9C2255}.Release|x64.ActiveCfg = Release|Any CPU
		{551AB678-3BA2-465F-A562-4C297C9C2255}.Release|x64.Build.0 = Release|Any CPU
		{8758E341-39D4-4EB1-940B-11BF85419736}.Debug|Any CPU.ActiveCfg = Debug|Any CPU
		{8758E341-39D4-4EB1-940B-11BF85419736}.Debug|Any CPU.Build.0 = Debug|Any CPU
		{8758E341-39D4-4EB1-940B-11BF85419736}.Debug|Any CPU.Deploy.0 = Debug|Any CPU
		{8758E341-39D4-4EB1-940B-11BF85419736}.Debug|x64.ActiveCfg = Debug|Any CPU
		{8758E341-39D4-4EB1-940B-11BF85419736}.Debug|x64.Build.0 = Debug|Any CPU
		{8758E341-39D4-4EB1-940B-11BF85419736}.Debug|x64.Deploy.0 = Debug|Any CPU
		{8758E341-39D4-4EB1-940B-11BF85419736}.Release|Any CPU.ActiveCfg = Release|Any CPU
		{8758E341-39D4-4EB1-940B-11BF85419736}.Release|Any CPU.Build.0 = Release|Any CPU
		{8758E341-39D4-4EB1-940B-11BF85419736}.Release|Any CPU.Deploy.0 = Release|Any CPU
		{8758E341-39D4-4EB1-940B-11BF85419736}.Release|x64.ActiveCfg = Release|Any CPU
		{8758E341-39D4-4EB1-940B-11BF85419736}.Release|x64.Build.0 = Release|Any CPU
		{8758E341-39D4-4EB1-940B-11BF85419736}.Release|x64.Deploy.0 = Release|Any CPU
		{D05BB1D7-57E5-4629-9842-5E9579AF51F6}.Debug|Any CPU.ActiveCfg = Debug|Any CPU
		{D05BB1D7-57E5-4629-9842-5E9579AF51F6}.Debug|Any CPU.Build.0 = Debug|Any CPU
		{D05BB1D7-57E5-4629-9842-5E9579AF51F6}.Debug|x64.ActiveCfg = Debug|Any CPU
		{D05BB1D7-57E5-4629-9842-5E9579AF51F6}.Debug|x64.Build.0 = Debug|Any CPU
		{D05BB1D7-57E5-4629-9842-5E9579AF51F6}.Release|Any CPU.ActiveCfg = Release|Any CPU
		{D05BB1D7-57E5-4629-9842-5E9579AF51F6}.Release|Any CPU.Build.0 = Release|Any CPU
		{D05BB1D7-57E5-4629-9842-5E9579AF51F6}.Release|x64.ActiveCfg = Release|Any CPU
		{D05BB1D7-57E5-4629-9842-5E9579AF51F6}.Release|x64.Build.0 = Release|Any CPU
		{C6DC21FA-9495-4709-9962-4446DDC1AB42}.Debug|Any CPU.ActiveCfg = Debug|Any CPU
		{C6DC21FA-9495-4709-9962-4446DDC1AB42}.Debug|Any CPU.Build.0 = Debug|Any CPU
		{C6DC21FA-9495-4709-9962-4446DDC1AB42}.Debug|x64.ActiveCfg = Debug|Any CPU
		{C6DC21FA-9495-4709-9962-4446DDC1AB42}.Debug|x64.Build.0 = Debug|Any CPU
		{C6DC21FA-9495-4709-9962-4446DDC1AB42}.Release|Any CPU.ActiveCfg = Release|Any CPU
		{C6DC21FA-9495-4709-9962-4446DDC1AB42}.Release|Any CPU.Build.0 = Release|Any CPU
		{C6DC21FA-9495-4709-9962-4446DDC1AB42}.Release|x64.ActiveCfg = Release|Any CPU
		{C6DC21FA-9495-4709-9962-4446DDC1AB42}.Release|x64.Build.0 = Release|Any CPU
		{3921E510-5D8B-4A13-8951-2F55EF6A54DC}.Debug|Any CPU.ActiveCfg = Debug|Any CPU
		{3921E510-5D8B-4A13-8951-2F55EF6A54DC}.Debug|Any CPU.Build.0 = Debug|Any CPU
		{3921E510-5D8B-4A13-8951-2F55EF6A54DC}.Debug|x64.ActiveCfg = Debug|Any CPU
		{3921E510-5D8B-4A13-8951-2F55EF6A54DC}.Debug|x64.Build.0 = Debug|Any CPU
		{3921E510-5D8B-4A13-8951-2F55EF6A54DC}.Release|Any CPU.ActiveCfg = Release|Any CPU
		{3921E510-5D8B-4A13-8951-2F55EF6A54DC}.Release|Any CPU.Build.0 = Release|Any CPU
		{3921E510-5D8B-4A13-8951-2F55EF6A54DC}.Release|x64.ActiveCfg = Release|Any CPU
		{3921E510-5D8B-4A13-8951-2F55EF6A54DC}.Release|x64.Build.0 = Release|Any CPU
		{3FA8B7B2-EE3F-4BB3-AE34-01315BC4BAA9}.Debug|Any CPU.ActiveCfg = Debug|Any CPU
		{3FA8B7B2-EE3F-4BB3-AE34-01315BC4BAA9}.Debug|Any CPU.Build.0 = Debug|Any CPU
		{3FA8B7B2-EE3F-4BB3-AE34-01315BC4BAA9}.Debug|x64.ActiveCfg = Debug|Any CPU
		{3FA8B7B2-EE3F-4BB3-AE34-01315BC4BAA9}.Debug|x64.Build.0 = Debug|Any CPU
		{3FA8B7B2-EE3F-4BB3-AE34-01315BC4BAA9}.Release|Any CPU.ActiveCfg = Release|Any CPU
		{3FA8B7B2-EE3F-4BB3-AE34-01315BC4BAA9}.Release|Any CPU.Build.0 = Release|Any CPU
		{3FA8B7B2-EE3F-4BB3-AE34-01315BC4BAA9}.Release|x64.ActiveCfg = Release|Any CPU
		{3FA8B7B2-EE3F-4BB3-AE34-01315BC4BAA9}.Release|x64.Build.0 = Release|Any CPU
		{C3A649CF-2352-4978-9971-4C7DD7891F4B}.Debug|Any CPU.ActiveCfg = Debug|Any CPU
		{C3A649CF-2352-4978-9971-4C7DD7891F4B}.Debug|Any CPU.Build.0 = Debug|Any CPU
		{C3A649CF-2352-4978-9971-4C7DD7891F4B}.Debug|x64.ActiveCfg = Debug|Any CPU
		{C3A649CF-2352-4978-9971-4C7DD7891F4B}.Debug|x64.Build.0 = Debug|Any CPU
		{C3A649CF-2352-4978-9971-4C7DD7891F4B}.Release|Any CPU.ActiveCfg = Release|Any CPU
		{C3A649CF-2352-4978-9971-4C7DD7891F4B}.Release|Any CPU.Build.0 = Release|Any CPU
		{C3A649CF-2352-4978-9971-4C7DD7891F4B}.Release|x64.ActiveCfg = Release|Any CPU
		{C3A649CF-2352-4978-9971-4C7DD7891F4B}.Release|x64.Build.0 = Release|Any CPU
	EndGlobalSection
	GlobalSection(SolutionProperties) = preSolution
		HideSolutionNode = FALSE
	EndGlobalSection
	GlobalSection(NestedProjects) = preSolution
		{551AB678-3BA2-465F-A562-4C297C9C2255} = {F27BE142-B687-45B8-8C0C-2FA5E3DF6C63}
		{3921E510-5D8B-4A13-8951-2F55EF6A54DC} = {F27BE142-B687-45B8-8C0C-2FA5E3DF6C63}
		{C3A649CF-2352-4978-9971-4C7DD7891F4B} = {F27BE142-B687-45B8-8C0C-2FA5E3DF6C63}
	EndGlobalSection
	GlobalSection(ExtensibilityGlobals) = postSolution
		SolutionGuid = {F7A7A034-F20C-4A5A-B9AC-CF1A7692BF8C}
	EndGlobalSection
EndGlobal
